
Microsoft Visual Studio Solution File, Format Version 12.00
# Visual Studio Version 17
VisualStudioVersion = 17.0.31903.59
MinimumVisualStudioVersion = 10.0.40219.1
Project("{FAE04EC0-301F-11D3-BF4B-00C04F79EFBC}") = "DotnetWithDuh.WebApi", "DotnetWithDuh.WebApi\DotnetWithDuh.WebApi.csproj", "{217D3BDD-7EE3-4669-A4C4-0B1AF754CA2E}"
EndProject
Project("{FAE04EC0-301F-11D3-BF4B-00C04F79EFBC}") = "DotNetWithDuh.Domain", "DotNetWithDuh.Domain\DotNetWithDuh.Domain.csproj", "{9748E29D-C9D1-4FAB-9FBA-CD5D1713C47F}"
EndProject
Global
	GlobalSection(SolutionConfigurationPlatforms) = preSolution
		Debug|Any CPU = Debug|Any CPU
		Release|Any CPU = Release|Any CPU
	EndGlobalSection
	GlobalSection(ProjectConfigurationPlatforms) = postSolution
		{217D3BDD-7EE3-4669-A4C4-0B1AF754CA2E}.Debug|Any CPU.ActiveCfg = Debug|Any CPU
		{217D3BDD-7EE3-4669-A4C4-0B1AF754CA2E}.Debug|Any CPU.Build.0 = Debug|Any CPU
		{217D3BDD-7EE3-4669-A4C4-0B1AF754CA2E}.Release|Any CPU.ActiveCfg = Release|Any CPU
		{217D3BDD-7EE3-4669-A4C4-0B1AF754CA2E}.Release|Any CPU.Build.0 = Release|Any CPU
		{9748E29D-C9D1-4FAB-9FBA-CD5D1713C47F}.Debug|Any CPU.ActiveCfg = Debug|Any CPU
		{9748E29D-C9D1-4FAB-9FBA-CD5D1713C47F}.Debug|Any CPU.Build.0 = Debug|Any CPU
		{9748E29D-C9D1-4FAB-9FBA-CD5D1713C47F}.Release|Any CPU.ActiveCfg = Release|Any CPU
		{9748E29D-C9D1-4FAB-9FBA-CD5D1713C47F}.Release|Any CPU.Build.0 = Release|Any CPU
	EndGlobalSection
	GlobalSection(SolutionProperties) = preSolution
		HideSolutionNode = FALSE
	EndGlobalSection
	GlobalSection(ExtensibilityGlobals) = postSolution
		SolutionGuid = {D7A63BAC-D461-4B0E-B85E-4EFA7F56FC53}
	EndGlobalSection
EndGlobal
